
Microsoft Visual Studio Solution File, Format Version 12.00
# Visual Studio Version 16
VisualStudioVersion = 16.0.31424.327
MinimumVisualStudioVersion = 10.0.40219.1
Project("{FAE04EC0-301F-11D3-BF4B-00C04F79EFBC}") = "adminUWP.UWP", "adminUWP.UWP\adminUWP.UWP.csproj", "{17ACD324-1339-4BBC-8F87-07B7721B7A85}"
EndProject
Project("{FAE04EC0-301F-11D3-BF4B-00C04F79EFBC}") = "adminUWP.Android", "adminUWP.Android\adminUWP.Android.csproj", "{8B3740D0-2CFA-476A-A9E7-D8B1310F16E0}"
EndProject
Project("{FAE04EC0-301F-11D3-BF4B-00C04F79EFBC}") = "adminUWP.iOS", "adminUWP.iOS\adminUWP.iOS.csproj", "{0A75E2CE-8338-4392-8BD7-DE7B49C65B49}"
EndProject
Project("{9A19103F-16F7-4668-BE54-9A1E7A4F7556}") = "adminUWP", "adminUWP\adminUWP.csproj", "{F57A7239-FF85-4913-8D12-0D146361921F}"
EndProject
Global
	GlobalSection(SolutionConfigurationPlatforms) = preSolution
		Debug|Any CPU = Debug|Any CPU
		Debug|ARM = Debug|ARM
		Debug|iPhone = Debug|iPhone
		Debug|iPhoneSimulator = Debug|iPhoneSimulator
		Debug|x64 = Debug|x64
		Debug|x86 = Debug|x86
		Release|Any CPU = Release|Any CPU
		Release|ARM = Release|ARM
		Release|iPhone = Release|iPhone
		Release|iPhoneSimulator = Release|iPhoneSimulator
		Release|x64 = Release|x64
		Release|x86 = Release|x86
	EndGlobalSection
	GlobalSection(ProjectConfigurationPlatforms) = postSolution
		{17ACD324-1339-4BBC-8F87-07B7721B7A85}.Debug|Any CPU.ActiveCfg = Debug|x86
		{17ACD324-1339-4BBC-8F87-07B7721B7A85}.Debug|Any CPU.Build.0 = Debug|x86
		{17ACD324-1339-4BBC-8F87-07B7721B7A85}.Debug|Any CPU.Deploy.0 = Debug|x86
		{17ACD324-1339-4BBC-8F87-07B7721B7A85}.Debug|ARM.ActiveCfg = Debug|ARM
		{17ACD324-1339-4BBC-8F87-07B7721B7A85}.Debug|ARM.Build.0 = Debug|ARM
		{17ACD324-1339-4BBC-8F87-07B7721B7A85}.Debug|ARM.Deploy.0 = Debug|ARM
		{17ACD324-1339-4BBC-8F87-07B7721B7A85}.Debug|iPhone.ActiveCfg = Debug|x86
		{17ACD324-1339-4BBC-8F87-07B7721B7A85}.Debug|iPhone.Build.0 = Debug|x86
		{17ACD324-1339-4BBC-8F87-07B7721B7A85}.Debug|iPhone.Deploy.0 = Debug|x86
		{17ACD324-1339-4BBC-8F87-07B7721B7A85}.Debug|iPhoneSimulator.ActiveCfg = Debug|x86
		{17ACD324-1339-4BBC-8F87-07B7721B7A85}.Debug|iPhoneSimulator.Build.0 = Debug|x86
		{17ACD324-1339-4BBC-8F87-07B7721B7A85}.Debug|iPhoneSimulator.Deploy.0 = Debug|x86
		{17ACD324-1339-4BBC-8F87-07B7721B7A85}.Debug|x64.ActiveCfg = Debug|x64
		{17ACD324-1339-4BBC-8F87-07B7721B7A85}.Debug|x64.Build.0 = Debug|x64
		{17ACD324-1339-4BBC-8F87-07B7721B7A85}.Debug|x64.Deploy.0 = Debug|x64
		{17ACD324-1339-4BBC-8F87-07B7721B7A85}.Debug|x86.ActiveCfg = Debug|x86
		{17ACD324-1339-4BBC-8F87-07B7721B7A85}.Debug|x86.Build.0 = Debug|x86
		{17ACD324-1339-4BBC-8F87-07B7721B7A85}.Debug|x86.Deploy.0 = Debug|x86
		{17ACD324-1339-4BBC-8F87-07B7721B7A85}.Release|Any CPU.ActiveCfg = Release|x86
		{17ACD324-1339-4BBC-8F87-07B7721B7A85}.Release|Any CPU.Build.0 = Release|x86
		{17ACD324-1339-4BBC-8F87-07B7721B7A85}.Release|Any CPU.Deploy.0 = Release|x86
		{17ACD324-1339-4BBC-8F87-07B7721B7A85}.Release|ARM.ActiveCfg = Release|ARM
		{17ACD324-1339-4BBC-8F87-07B7721B7A85}.Release|ARM.Build.0 = Release|ARM
		{17ACD324-1339-4BBC-8F87-07B7721B7A85}.Release|ARM.Deploy.0 = Release|ARM
		{17ACD324-1339-4BBC-8F87-07B7721B7A85}.Release|iPhone.ActiveCfg = Release|x86
		{17ACD324-1339-4BBC-8F87-07B7721B7A85}.Release|iPhone.Build.0 = Release|x86
		{17ACD324-1339-4BBC-8F87-07B7721B7A85}.Release|iPhone.Deploy.0 = Release|x86
		{17ACD324-1339-4BBC-8F87-07B7721B7A85}.Release|iPhoneSimulator.ActiveCfg = Release|x86
		{17ACD324-1339-4BBC-8F87-07B7721B7A85}.Release|iPhoneSimulator.Build.0 = Release|x86
		{17ACD324-1339-4BBC-8F87-07B7721B7A85}.Release|iPhoneSimulator.Deploy.0 = Release|x86
		{17ACD324-1339-4BBC-8F87-07B7721B7A85}.Release|x64.ActiveCfg = Release|x64
		{17ACD324-1339-4BBC-8F87-07B7721B7A85}.Release|x64.Build.0 = Release|x64
		{17ACD324-1339-4BBC-8F87-07B7721B7A85}.Release|x64.Deploy.0 = Release|x64
		{17ACD324-1339-4BBC-8F87-07B7721B7A85}.Release|x86.ActiveCfg = Release|x86
		{17ACD324-1339-4BBC-8F87-07B7721B7A85}.Release|x86.Build.0 = Release|x86
		{17ACD324-1339-4BBC-8F87-07B7721B7A85}.Release|x86.Deploy.0 = Release|x86
		{8B3740D0-2CFA-476A-A9E7-D8B1310F16E0}.Debug|Any CPU.ActiveCfg = Debug|Any CPU
		{8B3740D0-2CFA-476A-A9E7-D8B1310F16E0}.Debug|Any CPU.Build.0 = Debug|Any CPU
		{8B3740D0-2CFA-476A-A9E7-D8B1310F16E0}.Debug|Any CPU.Deploy.0 = Debug|Any CPU
		{8B3740D0-2CFA-476A-A9E7-D8B1310F16E0}.Debug|ARM.ActiveCfg = Debug|Any CPU
		{8B3740D0-2CFA-476A-A9E7-D8B1310F16E0}.Debug|ARM.Build.0 = Debug|Any CPU
		{8B3740D0-2CFA-476A-A9E7-D8B1310F16E0}.Debug|ARM.Deploy.0 = Debug|Any CPU
		{8B3740D0-2CFA-476A-A9E7-D8B1310F16E0}.Debug|iPhone.ActiveCfg = Debug|Any CPU
		{8B3740D0-2CFA-476A-A9E7-D8B1310F16E0}.Debug|iPhone.Build.0 = Debug|Any CPU
		{8B3740D0-2CFA-476A-A9E7-D8B1310F16E0}.Debug|iPhone.Deploy.0 = Debug|Any CPU
		{8B3740D0-2CFA-476A-A9E7-D8B1310F16E0}.Debug|iPhoneSimulator.ActiveCfg = Debug|Any CPU
		{8B3740D0-2CFA-476A-A9E7-D8B1310F16E0}.Debug|iPhoneSimulator.Build.0 = Debug|Any CPU
		{8B3740D0-2CFA-476A-A9E7-D8B1310F16E0}.Debug|iPhoneSimulator.Deploy.0 = Debug|Any CPU
		{8B3740D0-2CFA-476A-A9E7-D8B1310F16E0}.Debug|x64.ActiveCfg = Debug|Any CPU
		{8B3740D0-2CFA-476A-A9E7-D8B1310F16E0}.Debug|x64.Build.0 = Debug|Any CPU
		{8B3740D0-2CFA-476A-A9E7-D8B1310F16E0}.Debug|x64.Deploy.0 = Debug|Any CPU
		{8B3740D0-2CFA-476A-A9E7-D8B1310F16E0}.Debug|x86.ActiveCfg = Debug|Any CPU
		{8B3740D0-2CFA-476A-A9E7-D8B1310F16E0}.Debug|x86.Build.0 = Debug|Any CPU
		{8B3740D0-2CFA-476A-A9E7-D8B1310F16E0}.Debug|x86.Deploy.0 = Debug|Any CPU
		{8B3740D0-2CFA-476A-A9E7-D8B1310F16E0}.Release|Any CPU.ActiveCfg = Release|Any CPU
		{8B3740D0-2CFA-476A-A9E7-D8B1310F16E0}.Release|Any CPU.Build.0 = Release|Any CPU
		{8B3740D0-2CFA-476A-A9E7-D8B1310F16E0}.Release|Any CPU.Deploy.0 = Release|Any CPU
		{8B3740D0-2CFA-476A-A9E7-D8B1310F16E0}.Release|ARM.ActiveCfg = Release|Any CPU
		{8B3740D0-2CFA-476A-A9E7-D8B1310F16E0}.Release|ARM.Build.0 = Release|Any CPU
		{8B3740D0-2CFA-476A-A9E7-D8B1310F16E0}.Release|ARM.Deploy.0 = Release|Any CPU
		{8B3740D0-2CFA-476A-A9E7-D8B1310F16E0}.Release|iPhone.ActiveCfg = Release|Any CPU
		{8B3740D0-2CFA-476A-A9E7-D8B1310F16E0}.Release|iPhone.Build.0 = Release|Any CPU
		{8B3740D0-2CFA-476A-A9E7-D8B1310F16E0}.Release|iPhone.Deploy.0 = Release|Any CPU
		{8B3740D0-2CFA-476A-A9E7-D8B1310F16E0}.Release|iPhoneSimulator.ActiveCfg = Release|Any CPU
		{8B3740D0-2CFA-476A-A9E7-D8B1310F16E0}.Release|iPhoneSimulator.Build.0 = Release|Any CPU
		{8B3740D0-2CFA-476A-A9E7-D8B1310F16E0}.Release|iPhoneSimulator.Deploy.0 = Release|Any CPU
		{8B3740D0-2CFA-476A-A9E7-D8B1310F16E0}.Release|x64.ActiveCfg = Release|Any CPU
		{8B3740D0-2CFA-476A-A9E7-D8B1310F16E0}.Release|x64.Build.0 = Release|Any CPU
		{8B3740D0-2CFA-476A-A9E7-D8B1310F16E0}.Release|x64.Deploy.0 = Release|Any CPU
		{8B3740D0-2CFA-476A-A9E7-D8B1310F16E0}.Release|x86.ActiveCfg = Release|Any CPU
		{8B3740D0-2CFA-476A-A9E7-D8B1310F16E0}.Release|x86.Build.0 = Release|Any CPU
		{8B3740D0-2CFA-476A-A9E7-D8B1310F16E0}.Release|x86.Deploy.0 = Release|Any CPU
		{0A75E2CE-8338-4392-8BD7-DE7B49C65B49}.Debug|Any CPU.ActiveCfg = Debug|iPhoneSimulator
		{0A75E2CE-8338-4392-8BD7-DE7B49C65B49}.Debug|Any CPU.Build.0 = Debug|iPhoneSimulator
		{0A75E2CE-8338-4392-8BD7-DE7B49C65B49}.Debug|Any CPU.Deploy.0 = Debug|iPhoneSimulator
		{0A75E2CE-8338-4392-8BD7-DE7B49C65B49}.Debug|ARM.ActiveCfg = Debug|iPhone
		{0A75E2CE-8338-4392-8BD7-DE7B49C65B49}.Debug|ARM.Build.0 = Debug|iPhone
		{0A75E2CE-8338-4392-8BD7-DE7B49C65B49}.Debug|ARM.Deploy.0 = Debug|iPhone
		{0A75E2CE-8338-4392-8BD7-DE7B49C65B49}.Debug|iPhone.ActiveCfg = Debug|iPhone
		{0A75E2CE-8338-4392-8BD7-DE7B49C65B49}.Debug|iPhone.Build.0 = Debug|iPhone
		{0A75E2CE-8338-4392-8BD7-DE7B49C65B49}.Debug|iPhone.Deploy.0 = Debug|iPhone
		{0A75E2CE-8338-4392-8BD7-DE7B49C65B49}.Debug|iPhoneSimulator.ActiveCfg = Debug|iPhoneSimulator
		{0A75E2CE-8338-4392-8BD7-DE7B49C65B49}.Debug|iPhoneSimulator.Build.0 = Debug|iPhoneSimulator
		{0A75E2CE-8338-4392-8BD7-DE7B49C65B49}.Debug|iPhoneSimulator.Deploy.0 = Debug|iPhoneSimulator
		{0A75E2CE-8338-4392-8BD7-DE7B49C65B49}.Debug|x64.ActiveCfg = Debug|iPhoneSimulator
		{0A75E2CE-8338-4392-8BD7-DE7B49C65B49}.Debug|x64.Build.0 = Debug|iPhoneSimulator
		{0A75E2CE-8338-4392-8BD7-DE7B49C65B49}.Debug|x64.Deploy.0 = Debug|iPhoneSimulator
		{0A75E2CE-8338-4392-8BD7-DE7B49C65B49}.Debug|x86.ActiveCfg = Debug|iPhoneSimulator
		{0A75E2CE-8338-4392-8BD7-DE7B49C65B49}.Debug|x86.Build.0 = Debug|iPhoneSimulator
		{0A75E2CE-8338-4392-8BD7-DE7B49C65B49}.Debug|x86.Deploy.0 = Debug|iPhoneSimulator
		{0A75E2CE-8338-4392-8BD7-DE7B49C65B49}.Release|Any CPU.ActiveCfg = Release|iPhoneSimulator
		{0A75E2CE-8338-4392-8BD7-DE7B49C65B49}.Release|Any CPU.Build.0 = Release|iPhoneSimulator
		{0A75E2CE-8338-4392-8BD7-DE7B49C65B49}.Release|Any CPU.Deploy.0 = Release|iPhoneSimulator
		{0A75E2CE-8338-4392-8BD7-DE7B49C65B49}.Release|ARM.ActiveCfg = Release|iPhoneSimulator
		{0A75E2CE-8338-4392-8BD7-DE7B49C65B49}.Release|ARM.Build.0 = Release|iPhoneSimulator
		{0A75E2CE-8338-4392-8BD7-DE7B49C65B49}.Release|ARM.Deploy.0 = Release|iPhoneSimulator
		{0A75E2CE-8338-4392-8BD7-DE7B49C65B49}.Release|iPhone.ActiveCfg = Release|iPhone
		{0A75E2CE-8338-4392-8BD7-DE7B49C65B49}.Release|iPhone.Build.0 = Release|iPhone
		{0A75E2CE-8338-4392-8BD7-DE7B49C65B49}.Release|iPhone.Deploy.0 = Release|iPhone
		{0A75E2CE-8338-4392-8BD7-DE7B49C65B49}.Release|iPhoneSimulator.ActiveCfg = Release|iPhoneSimulator
		{0A75E2CE-8338-4392-8BD7-DE7B49C65B49}.Release|iPhoneSimulator.Build.0 = Release|iPhoneSimulator
		{0A75E2CE-8338-4392-8BD7-DE7B49C65B49}.Release|iPhoneSimulator.Deploy.0 = Release|iPhoneSimulator
		{0A75E2CE-8338-4392-8BD7-DE7B49C65B49}.Release|x64.ActiveCfg = Release|iPhoneSimulator
		{0A75E2CE-8338-4392-8BD7-DE7B49C65B49}.Release|x64.Build.0 = Release|iPhoneSimulator
		{0A75E2CE-8338-4392-8BD7-DE7B49C65B49}.Release|x64.Deploy.0 = Release|iPhoneSimulator
		{0A75E2CE-8338-4392-8BD7-DE7B49C65B49}.Release|x86.ActiveCfg = Release|iPhoneSimulator
		{0A75E2CE-8338-4392-8BD7-DE7B49C65B49}.Release|x86.Build.0 = Release|iPhoneSimulator
		{0A75E2CE-8338-4392-8BD7-DE7B49C65B49}.Release|x86.Deploy.0 = Release|iPhoneSimulator
		{F57A7239-FF85-4913-8D12-0D146361921F}.Debug|Any CPU.ActiveCfg = Debug|Any CPU
		{F57A7239-FF85-4913-8D12-0D146361921F}.Debug|Any CPU.Build.0 = Debug|Any CPU
		{F57A7239-FF85-4913-8D12-0D146361921F}.Debug|Any CPU.Deploy.0 = Debug|Any CPU
		{F57A7239-FF85-4913-8D12-0D146361921F}.Debug|ARM.ActiveCfg = Debug|Any CPU
		{F57A7239-FF85-4913-8D12-0D146361921F}.Debug|ARM.Build.0 = Debug|Any CPU
		{F57A7239-FF85-4913-8D12-0D146361921F}.Debug|ARM.Deploy.0 = Debug|Any CPU
		{F57A7239-FF85-4913-8D12-0D146361921F}.Debug|iPhone.ActiveCfg = Debug|Any CPU
		{F57A7239-FF85-4913-8D12-0D146361921F}.Debug|iPhone.Build.0 = Debug|Any CPU
		{F57A7239-FF85-4913-8D12-0D146361921F}.Debug|iPhone.Deploy.0 = Debug|Any CPU
		{F57A7239-FF85-4913-8D12-0D146361921F}.Debug|iPhoneSimulator.ActiveCfg = Debug|Any CPU
		{F57A7239-FF85-4913-8D12-0D146361921F}.Debug|iPhoneSimulator.Build.0 = Debug|Any CPU
		{F57A7239-FF85-4913-8D12-0D146361921F}.Debug|iPhoneSimulator.Deploy.0 = Debug|Any CPU
		{F57A7239-FF85-4913-8D12-0D146361921F}.Debug|x64.ActiveCfg = Debug|Any CPU
		{F57A7239-FF85-4913-8D12-0D146361921F}.Debug|x64.Build.0 = Debug|Any CPU
		{F57A7239-FF85-4913-8D12-0D146361921F}.Debug|x64.Deploy.0 = Debug|Any CPU
		{F57A7239-FF85-4913-8D12-0D146361921F}.Debug|x86.ActiveCfg = Debug|Any CPU
		{F57A7239-FF85-4913-8D12-0D146361921F}.Debug|x86.Build.0 = Debug|Any CPU
		{F57A7239-FF85-4913-8D12-0D146361921F}.Debug|x86.Deploy.0 = Debug|Any CPU
		{F57A7239-FF85-4913-8D12-0D146361921F}.Release|Any CPU.ActiveCfg = Release|Any CPU
		{F57A7239-FF85-4913-8D12-0D146361921F}.Release|Any CPU.Build.0 = Release|Any CPU
		{F57A7239-FF85-4913-8D12-0D146361921F}.Release|Any CPU.Deploy.0 = Release|Any CPU
		{F57A7239-FF85-4913-8D12-0D146361921F}.Release|ARM.ActiveCfg = Release|Any CPU
		{F57A7239-FF85-4913-8D12-0D146361921F}.Release|ARM.Build.0 = Release|Any CPU
		{F57A7239-FF85-4913-8D12-0D146361921F}.Release|ARM.Deploy.0 = Release|Any CPU
		{F57A7239-FF85-4913-8D12-0D146361921F}.Release|iPhone.ActiveCfg = Release|Any CPU
		{F57A7239-FF85-4913-8D12-0D146361921F}.Release|iPhone.Build.0 = Release|Any CPU
		{F57A7239-FF85-4913-8D12-0D146361921F}.Release|iPhone.Deploy.0 = Release|Any CPU
		{F57A7239-FF85-4913-8D12-0D146361921F}.Release|iPhoneSimulator.ActiveCfg = Release|Any CPU
		{F57A7239-FF85-4913-8D12-0D146361921F}.Release|iPhoneSimulator.Build.0 = Release|Any CPU
		{F57A7239-FF85-4913-8D12-0D146361921F}.Release|iPhoneSimulator.Deploy.0 = Release|Any CPU
		{F57A7239-FF85-4913-8D12-0D146361921F}.Release|x64.ActiveCfg = Release|Any CPU
		{F57A7239-FF85-4913-8D12-0D146361921F}.Release|x64.Build.0 = Release|Any CPU
		{F57A7239-FF85-4913-8D12-0D146361921F}.Release|x64.Deploy.0 = Release|Any CPU
		{F57A7239-FF85-4913-8D12-0D146361921F}.Release|x86.ActiveCfg = Release|Any CPU
		{F57A7239-FF85-4913-8D12-0D146361921F}.Release|x86.Build.0 = Release|Any CPU
		{F57A7239-FF85-4913-8D12-0D146361921F}.Release|x86.Deploy.0 = Release|Any CPU
	EndGlobalSection
	GlobalSection(SolutionProperties) = preSolution
		HideSolutionNode = FALSE
	EndGlobalSection
	GlobalSection(ExtensibilityGlobals) = postSolution
		SolutionGuid = {F4384255-638D-406B-B568-D1335B7EF2B0}
	EndGlobalSection
EndGlobal
